
Microsoft Visual Studio Solution File, Format Version 12.00
# Visual Studio Version 17
VisualStudioVersion = 17.11.35431.28
MinimumVisualStudioVersion = 10.0.40219.1
Project("{9A19103F-16F7-4668-BE54-9A1E7A4F7556}") = "MediApp", "MediApp\MediApp.csproj", "{85B6DE02-366F-4612-8F16-77B19379AE26}"
EndProject
Project("{FAE04EC0-301F-11D3-BF4B-00C04F79EFBC}") = "MediAppTests", "MediAppTests\MediAppTests.csproj", "{6B1F1ECD-1CFB-4A58-BF4E-76653FCAAEB6}"
EndProject
Global
	GlobalSection(SolutionConfigurationPlatforms) = preSolution
		Debug|Any CPU = Debug|Any CPU
		Release|Any CPU = Release|Any CPU
	EndGlobalSection
	GlobalSection(ProjectConfigurationPlatforms) = postSolution
		{85B6DE02-366F-4612-8F16-77B19379AE26}.Debug|Any CPU.ActiveCfg = Debug|Any CPU
		{85B6DE02-366F-4612-8F16-77B19379AE26}.Debug|Any CPU.Build.0 = Debug|Any CPU
		{85B6DE02-366F-4612-8F16-77B19379AE26}.Release|Any CPU.ActiveCfg = Release|Any CPU
		{85B6DE02-366F-4612-8F16-77B19379AE26}.Release|Any CPU.Build.0 = Release|Any CPU
		{6B1F1ECD-1CFB-4A58-BF4E-76653FCAAEB6}.Debug|Any CPU.ActiveCfg = Debug|Any CPU
		{6B1F1ECD-1CFB-4A58-BF4E-76653FCAAEB6}.Debug|Any CPU.Build.0 = Debug|Any CPU
		{6B1F1ECD-1CFB-4A58-BF4E-76653FCAAEB6}.Release|Any CPU.ActiveCfg = Release|Any CPU
		{6B1F1ECD-1CFB-4A58-BF4E-76653FCAAEB6}.Release|Any CPU.Build.0 = Release|Any CPU
	EndGlobalSection
	GlobalSection(SolutionProperties) = preSolution
		HideSolutionNode = FALSE
	EndGlobalSection
	GlobalSection(ExtensibilityGlobals) = postSolution
		SolutionGuid = {BF3B1C1E-DFAE-429A-A904-43A635AE3C3A}
	EndGlobalSection
EndGlobal
